
Microsoft Visual Studio Solution File, Format Version 12.00
# Visual Studio Version 17
VisualStudioVersion = 17.5.002.0
MinimumVisualStudioVersion = 10.0.40219.1
Project("{9A19103F-16F7-4668-BE54-9A1E7A4F7556}") = "Project", "Project.csproj", "{208E2955-35F2-4BED-8B02-BE81D55DE0DF}"
EndProject
Global
	GlobalSection(SolutionConfigurationPlatforms) = preSolution
		Debug|Any CPU = Debug|Any CPU
		Release|Any CPU = Release|Any CPU
	EndGlobalSection
	GlobalSection(ProjectConfigurationPlatforms) = postSolution
		{208E2955-35F2-4BED-8B02-BE81D55DE0DF}.Debug|Any CPU.ActiveCfg = Debug|Any CPU
		{208E2955-35F2-4BED-8B02-BE81D55DE0DF}.Debug|Any CPU.Build.0 = Debug|Any CPU
		{208E2955-35F2-4BED-8B02-BE81D55DE0DF}.Release|Any CPU.ActiveCfg = Release|Any CPU
		{208E2955-35F2-4BED-8B02-BE81D55DE0DF}.Release|Any CPU.Build.0 = Release|Any CPU
	EndGlobalSection
	GlobalSection(SolutionProperties) = preSolution
		HideSolutionNode = FALSE
	EndGlobalSection
	GlobalSection(ExtensibilityGlobals) = postSolution
		SolutionGuid = {81201AC4-B2EC-40BB-A4BD-541BA17098BE}
	EndGlobalSection
EndGlobal
